// !$*UTF8*$!
{
	archiveVersion = 1;
	classes = {
	};
	objectVersion = 46;
	objects = {

/* Begin PBXBuildFile section */
		5114CA681F33F8D7000FDB7B /* AppDelegate.swift in Sources */ = {isa = PBXBuildFile; fileRef = 5114CA671F33F8D7000FDB7B /* AppDelegate.swift */; };
		5114CA6A1F33F8D7000FDB7B /* ViewController.swift in Sources */ = {isa = PBXBuildFile; fileRef = 5114CA691F33F8D7000FDB7B /* ViewController.swift */; };
		5114CA6D1F33F8D7000FDB7B /* Main.storyboard in Resources */ = {isa = PBXBuildFile; fileRef = 5114CA6B1F33F8D7000FDB7B /* Main.storyboard */; };
		5114CA6F1F33F8D7000FDB7B /* Assets.xcassets in Resources */ = {isa = PBXBuildFile; fileRef = 5114CA6E1F33F8D7000FDB7B /* Assets.xcassets */; };
		5114CA721F33F8D7000FDB7B /* LaunchScreen.storyboard in Resources */ = {isa = PBXBuildFile; fileRef = 5114CA701F33F8D7000FDB7B /* LaunchScreen.storyboard */; };
		51AEA2FB1F62FE7D006F63E0 /* AppDelegate.swift in Sources */ = {isa = PBXBuildFile; fileRef = 51AEA2FA1F62FE7D006F63E0 /* AppDelegate.swift */; };
		51AEA2FD1F62FE7D006F63E0 /* ViewController.swift in Sources */ = {isa = PBXBuildFile; fileRef = 51AEA2FC1F62FE7D006F63E0 /* ViewController.swift */; };
		51AEA3021F62FE7D006F63E0 /* Assets.xcassets in Resources */ = {isa = PBXBuildFile; fileRef = 51AEA3011F62FE7D006F63E0 /* Assets.xcassets */; };
		51AEA3051F62FE7D006F63E0 /* LaunchScreen.storyboard in Resources */ = {isa = PBXBuildFile; fileRef = 51AEA3031F62FE7D006F63E0 /* LaunchScreen.storyboard */; };
		51B9A9301F6308FB0039F98F /* Main.storyboard in Resources */ = {isa = PBXBuildFile; fileRef = 51B9A92E1F6308FB0039F98F /* Main.storyboard */; };
/* End PBXBuildFile section */

/* Begin PBXFileReference section */
		5114CA641F33F8D7000FDB7B /* NewTTT.app */ = {isa = PBXFileReference; explicitFileType = wrapper.application; includeInIndex = 0; path = NewTTT.app; sourceTree = BUILT_PRODUCTS_DIR; };
		5114CA671F33F8D7000FDB7B /* AppDelegate.swift */ = {isa = PBXFileReference; lastKnownFileType = sourcecode.swift; path = AppDelegate.swift; sourceTree = "<group>"; };
		5114CA691F33F8D7000FDB7B /* ViewController.swift */ = {isa = PBXFileReference; lastKnownFileType = sourcecode.swift; path = ViewController.swift; sourceTree = "<group>"; };
		5114CA6C1F33F8D7000FDB7B /* Base */ = {isa = PBXFileReference; lastKnownFileType = file.storyboard; name = Base; path = Base.lproj/Main.storyboard; sourceTree = "<group>"; };
		5114CA6E1F33F8D7000FDB7B /* Assets.xcassets */ = {isa = PBXFileReference; lastKnownFileType = folder.assetcatalog; path = Assets.xcassets; sourceTree = "<group>"; };
		5114CA711F33F8D7000FDB7B /* Base */ = {isa = PBXFileReference; lastKnownFileType = file.storyboard; name = Base; path = Base.lproj/LaunchScreen.storyboard; sourceTree = "<group>"; };
		5114CA731F33F8D7000FDB7B /* Info.plist */ = {isa = PBXFileReference; lastKnownFileType = text.plist.xml; path = Info.plist; sourceTree = "<group>"; };
		51AEA2F81F62FE7D006F63E0 /* NewTTT1.app */ = {isa = PBXFileReference; explicitFileType = wrapper.application; includeInIndex = 0; path = NewTTT1.app; sourceTree = BUILT_PRODUCTS_DIR; };
		51AEA2FA1F62FE7D006F63E0 /* AppDelegate.swift */ = {isa = PBXFileReference; lastKnownFileType = sourcecode.swift; path = AppDelegate.swift; sourceTree = "<group>"; };
		51AEA2FC1F62FE7D006F63E0 /* ViewController.swift */ = {isa = PBXFileReference; lastKnownFileType = sourcecode.swift; path = ViewController.swift; sourceTree = "<group>"; };
		51AEA3011F62FE7D006F63E0 /* Assets.xcassets */ = {isa = PBXFileReference; lastKnownFileType = folder.assetcatalog; path = Assets.xcassets; sourceTree = "<group>"; };
		51AEA3041F62FE7D006F63E0 /* Base */ = {isa = PBXFileReference; lastKnownFileType = file.storyboard; name = Base; path = Base.lproj/LaunchScreen.storyboard; sourceTree = "<group>"; };
		51AEA3061F62FE7D006F63E0 /* Info.plist */ = {isa = PBXFileReference; lastKnownFileType = text.plist.xml; path = Info.plist; sourceTree = "<group>"; };
		51B9A92F1F6308FB0039F98F /* Base */ = {isa = PBXFileReference; lastKnownFileType = file.storyboard; name = Base; path = Base.lproj/Main.storyboard; sourceTree = "<group>"; };
/* End PBXFileReference section */

/* Begin PBXFrameworksBuildPhase section */
		5114CA611F33F8D7000FDB7B /* Frameworks */ = {
			isa = PBXFrameworksBuildPhase;
			buildActionMask = 2147483647;
			files = (
			);
			runOnlyForDeploymentPostprocessing = 0;
		};
		51AEA2F51F62FE7D006F63E0 /* Frameworks */ = {
			isa = PBXFrameworksBuildPhase;
			buildActionMask = 2147483647;
			files = (
			);
			runOnlyForDeploymentPostprocessing = 0;
		};
/* End PBXFrameworksBuildPhase section */

/* Begin PBXGroup section */
		5114CA5B1F33F8D7000FDB7B = {
			isa = PBXGroup;
			children = (
				5114CA661F33F8D7000FDB7B /* NewTTT */,
				51AEA2F91F62FE7D006F63E0 /* NewTTT1 */,
				5114CA651F33F8D7000FDB7B /* Products */,
			);
			sourceTree = "<group>";
		};
		5114CA651F33F8D7000FDB7B /* Products */ = {
			isa = PBXGroup;
			children = (
				5114CA641F33F8D7000FDB7B /* NewTTT.app */,
				51AEA2F81F62FE7D006F63E0 /* NewTTT1.app */,
			);
			name = Products;
			sourceTree = "<group>";
		};
		5114CA661F33F8D7000FDB7B /* NewTTT */ = {
			isa = PBXGroup;
			children = (
				5114CA6B1F33F8D7000FDB7B /* Main.storyboard */,
				5114CA671F33F8D7000FDB7B /* AppDelegate.swift */,
				5114CA691F33F8D7000FDB7B /* ViewController.swift */,
				5114CA6E1F33F8D7000FDB7B /* Assets.xcassets */,
				5114CA701F33F8D7000FDB7B /* LaunchScreen.storyboard */,
				5114CA731F33F8D7000FDB7B /* Info.plist */,
			);
			path = NewTTT;
			sourceTree = "<group>";
		};
		51AEA2F91F62FE7D006F63E0 /* NewTTT1 */ = {
			isa = PBXGroup;
			children = (
				51B9A92E1F6308FB0039F98F /* Main.storyboard */,
				51AEA2FA1F62FE7D006F63E0 /* AppDelegate.swift */,
				51AEA2FC1F62FE7D006F63E0 /* ViewController.swift */,
				51AEA3011F62FE7D006F63E0 /* Assets.xcassets */,
				51AEA3031F62FE7D006F63E0 /* LaunchScreen.storyboard */,
				51AEA3061F62FE7D006F63E0 /* Info.plist */,
			);
			path = NewTTT1;
			sourceTree = "<group>";
		};
/* End PBXGroup section */

/* Begin PBXNativeTarget section */
		5114CA631F33F8D7000FDB7B /* NewTTT */ = {
			isa = PBXNativeTarget;
			buildConfigurationList = 5114CA761F33F8D8000FDB7B /* Build configuration list for PBXNativeTarget "NewTTT" */;
			buildPhases = (
				5114CA601F33F8D7000FDB7B /* Sources */,
				5114CA611F33F8D7000FDB7B /* Frameworks */,
				5114CA621F33F8D7000FDB7B /* Resources */,
			);
			buildRules = (
			);
			dependencies = (
			);
			name = NewTTT;
			productName = NewTTT;
			productReference = 5114CA641F33F8D7000FDB7B /* NewTTT.app */;
			productType = "com.apple.product-type.application";
		};
		51AEA2F71F62FE7D006F63E0 /* NewTTT1 */ = {
			isa = PBXNativeTarget;
			buildConfigurationList = 51AEA3071F62FE7D006F63E0 /* Build configuration list for PBXNativeTarget "NewTTT1" */;
			buildPhases = (
				51AEA2F41F62FE7D006F63E0 /* Sources */,
				51AEA2F51F62FE7D006F63E0 /* Frameworks */,
				51AEA2F61F62FE7D006F63E0 /* Resources */,
			);
			buildRules = (
			);
			dependencies = (
			);
			name = NewTTT1;
			productName = NewTTT1;
			productReference = 51AEA2F81F62FE7D006F63E0 /* NewTTT1.app */;
			productType = "com.apple.product-type.application";
		};
/* End PBXNativeTarget section */

/* Begin PBXProject section */
		5114CA5C1F33F8D7000FDB7B /* Project object */ = {
			isa = PBXProject;
			attributes = {
				LastSwiftUpdateCheck = 0820;
				LastUpgradeCheck = 0820;
				ORGANIZATIONNAME = Vemilab;
				TargetAttributes = {
					5114CA631F33F8D7000FDB7B = {
						CreatedOnToolsVersion = 8.2.1;
						DevelopmentTeam = NDZ83UVDLH;
						ProvisioningStyle = Automatic;
					};
					51AEA2F71F62FE7D006F63E0 = {
						CreatedOnToolsVersion = 8.2.1;
						DevelopmentTeam = NDZ83UVDLH;
						ProvisioningStyle = Automatic;
					};
				};
			};
			buildConfigurationList = 5114CA5F1F33F8D7000FDB7B /* Build configuration list for PBXProject "NewTTT" */;
			compatibilityVersion = "Xcode 3.2";
			developmentRegion = English;
			hasScannedForEncodings = 0;
			knownRegions = (
				en,
				Base,
			);
			mainGroup = 5114CA5B1F33F8D7000FDB7B;
			productRefGroup = 5114CA651F33F8D7000FDB7B /* Products */;
			projectDirPath = "";
			projectRoot = "";
			targets = (
				5114CA631F33F8D7000FDB7B /* NewTTT */,
				51AEA2F71F62FE7D006F63E0 /* NewTTT1 */,
			);
		};
/* End PBXProject section */

/* Begin PBXResourcesBuildPhase section */
		5114CA621F33F8D7000FDB7B /* Resources */ = {
			isa = PBXResourcesBuildPhase;
			buildActionMask = 2147483647;
			files = (
				5114CA721F33F8D7000FDB7B /* LaunchScreen.storyboard in Resources */,
				5114CA6F1F33F8D7000FDB7B /* Assets.xcassets in Resources */,
				5114CA6D1F33F8D7000FDB7B /* Main.storyboard in Resources */,
			);
			runOnlyForDeploymentPostprocessing = 0;
		};
		51AEA2F61F62FE7D006F63E0 /* Resources */ = {
			isa = PBXResourcesBuildPhase;
			buildActionMask = 2147483647;
			files = (
				51B9A9301F6308FB0039F98F /* Main.storyboard in Resources */,
				51AEA3051F62FE7D006F63E0 /* LaunchScreen.storyboard in Resources */,
				51AEA3021F62FE7D006F63E0 /* Assets.xcassets in Resources */,
			);
			runOnlyForDeploymentPostprocessing = 0;
		};
/* End PBXResourcesBuildPhase section */

/* Begin PBXSourcesBuildPhase section */
		5114CA601F33F8D7000FDB7B /* Sources */ = {
			isa = PBXSourcesBuildPhase;
			buildActionMask = 2147483647;
			files = (
				5114CA6A1F33F8D7000FDB7B /* ViewController.swift in Sources */,
				5114CA681F33F8D7000FDB7B /* AppDelegate.swift in Sources */,
			);
			runOnlyForDeploymentPostprocessing = 0;
		};
		51AEA2F41F62FE7D006F63E0 /* Sources */ = {
			isa = PBXSourcesBuildPhase;
			buildActionMask = 2147483647;
			files = (
				51AEA2FD1F62FE7D006F63E0 /* ViewController.swift in Sources */,
				51AEA2FB1F62FE7D006F63E0 /* AppDelegate.swift in Sources */,
			);
			runOnlyForDeploymentPostprocessing = 0;
		};
/* End PBXSourcesBuildPhase section */

/* Begin PBXVariantGroup section */
		5114CA6B1F33F8D7000FDB7B /* Main.storyboard */ = {
			isa = PBXVariantGroup;
			children = (
				5114CA6C1F33F8D7000FDB7B /* Base */,
			);
			name = Main.storyboard;
			sourceTree = "<group>";
		};
		5114CA701F33F8D7000FDB7B /* LaunchScreen.storyboard */ = {
			isa = PBXVariantGroup;
			children = (
				5114CA711F33F8D7000FDB7B /* Base */,
			);
			name = LaunchScreen.storyboard;
			sourceTree = "<group>";
		};
		51AEA3031F62FE7D006F63E0 /* LaunchScreen.storyboard */ = {
			isa = PBXVariantGroup;
			children = (
				51AEA3041F62FE7D006F63E0 /* Base */,
			);
			name = LaunchScreen.storyboard;
			sourceTree = "<group>";
		};
		51B9A92E1F6308FB0039F98F /* Main.storyboard */ = {
			isa = PBXVariantGroup;
			children = (
				51B9A92F1F6308FB0039F98F /* Base */,
			);
			name = Main.storyboard;
			sourceTree = "<group>";
		};
/* End PBXVariantGroup section */

/* Begin XCBuildConfiguration section */
		5114CA741F33F8D8000FDB7B /* Debug */ = {
			isa = XCBuildConfiguration;
			buildSettings = {
				ALWAYS_SEARCH_USER_PATHS = NO;
				CLANG_ANALYZER_NONNULL = YES;
				CLANG_CXX_LANGUAGE_STANDARD = "gnu++0x";
				CLANG_CXX_LIBRARY = "libc++";
				CLANG_ENABLE_MODULES = YES;
				CLANG_ENABLE_OBJC_ARC = YES;
				CLANG_WARN_BOOL_CONVERSION = YES;
				CLANG_WARN_CONSTANT_CONVERSION = YES;
				CLANG_WARN_DIRECT_OBJC_ISA_USAGE = YES_ERROR;
				CLANG_WARN_DOCUMENTATION_COMMENTS = YES;
				CLANG_WARN_EMPTY_BODY = YES;
				CLANG_WARN_ENUM_CONVERSION = YES;
				CLANG_WARN_INFINITE_RECURSION = YES;
				CLANG_WARN_INT_CONVERSION = YES;
				CLANG_WARN_OBJC_ROOT_CLASS = YES_ERROR;
				CLANG_WARN_SUSPICIOUS_MOVE = YES;
				CLANG_WARN_UNREACHABLE_CODE = YES;
				CLANG_WARN__DUPLICATE_METHOD_MATCH = YES;
				"CODE_SIGN_IDENTITY[sdk=iphoneos*]" = "iPhone Developer";
				COPY_PHASE_STRIP = NO;
				DEBUG_INFORMATION_FORMAT = dwarf;
				ENABLE_STRICT_OBJC_MSGSEND = YES;
				ENABLE_TESTABILITY = YES;
				GCC_C_LANGUAGE_STANDARD = gnu99;
				GCC_DYNAMIC_NO_PIC = NO;
				GCC_NO_COMMON_BLOCKS = YES;
				GCC_OPTIMIZATION_LEVEL = 0;
				GCC_PREPROCESSOR_DEFINITIONS = (
					"DEBUG=1",
					"$(inherited)",
				);
				GCC_WARN_64_TO_32_BIT_CONVERSION = YES;
				GCC_WARN_ABOUT_RETURN_TYPE = YES_ERROR;
				GCC_WARN_UNDECLARED_SELECTOR = YES;
				GCC_WARN_UNINITIALIZED_AUTOS = YES_AGGRESSIVE;
				GCC_WARN_UNUSED_FUNCTION = YES;
				GCC_WARN_UNUSED_VARIABLE = YES;
				IPHONEOS_DEPLOYMENT_TARGET = 10.2;
				MTL_ENABLE_DEBUG_INFO = YES;
				ONLY_ACTIVE_ARCH = YES;
				SDKROOT = iphoneos;
				SWIFT_ACTIVE_COMPILATION_CONDITIONS = DEBUG;
				SWIFT_OPTIMIZATION_LEVEL = "-Onone";
			};
			name = Debug;
		};
		5114CA751F33F8D8000FDB7B /* Release */ = {
			isa = XCBuildConfiguration;
			buildSettings = {
				ALWAYS_SEARCH_USER_PATHS = NO;
				CLANG_ANALYZER_NONNULL = YES;
				CLANG_CXX_LANGUAGE_STANDARD = "gnu++0x";
				CLANG_CXX_LIBRARY = "libc++";
				CLANG_ENABLE_MODULES = YES;
				CLANG_ENABLE_OBJC_ARC = YES;
				CLANG_WARN_BOOL_CONVERSION = YES;
				CLANG_WARN_CONSTANT_CONVERSION = YES;
				CLANG_WARN_DIRECT_OBJC_ISA_USAGE = YES_ERROR;
				CLANG_WARN_DOCUMENTATION_COMMENTS = YES;
				CLANG_WARN_EMPTY_BODY = YES;
				CLANG_WARN_ENUM_CONVERSION = YES;
				CLANG_WARN_INFINITE_RECURSION = YES;
				CLANG_WARN_INT_CONVERSION = YES;
				CLANG_WARN_OBJC_ROOT_CLASS = YES_ERROR;
				CLANG_WARN_SUSPICIOUS_MOVE = YES;
				CLANG_WARN_UNREACHABLE_CODE = YES;
				CLANG_WARN__DUPLICATE_METHOD_MATCH = YES;
				"CODE_SIGN_IDENTITY[sdk=iphoneos*]" = "iPhone Developer";
				COPY_PHASE_STRIP = NO;
				DEBUG_INFORMATION_FORMAT = "dwarf-with-dsym";
				ENABLE_NS_ASSERTIONS = NO;
				ENABLE_STRICT_OBJC_MSGSEND = YES;
				GCC_C_LANGUAGE_STANDARD = gnu99;
				GCC_NO_COMMON_BLOCKS = YES;
				GCC_WARN_64_TO_32_BIT_CONVERSION = YES;
				GCC_WARN_ABOUT_RETURN_TYPE = YES_ERROR;
				GCC_WARN_UNDECLARED_SELECTOR = YES;
				GCC_WARN_UNINITIALIZED_AUTOS = YES_AGGRESSIVE;
				GCC_WARN_UNUSED_FUNCTION = YES;
				GCC_WARN_UNUSED_VARIABLE = YES;
				IPHONEOS_DEPLOYMENT_TARGET = 10.2;
				MTL_ENABLE_DEBUG_INFO = NO;
				SDKROOT = iphoneos;
				SWIFT_OPTIMIZATION_LEVEL = "-Owholemodule";
				VALIDATE_PRODUCT = YES;
			};
			name = Release;
		};
		5114CA771F33F8D8000FDB7B /* Debug */ = {
			isa = XCBuildConfiguration;
			buildSettings = {
				ASSETCATALOG_COMPILER_APPICON_NAME = AppIcon;
				CODE_SIGN_IDENTITY = "iPhone Developer";
				CODE_SIGN_STYLE = Automatic;
				DEVELOPMENT_TEAM = "";
				"DEVELOPMENT_TEAM[sdk=*]" = NDZ83UVDLH;
				INFOPLIST_FILE = NewTTT/Info.plist;
				LD_RUNPATH_SEARCH_PATHS = "$(inherited) @executable_path/Frameworks";
				NEW_SETTING = "";
				PRODUCT_BUNDLE_IDENTIFIER = com.hp.NewTTT;
				PRODUCT_NAME = "$(TARGET_NAME)";
				PROVISIONING_PROFILE_SPECIFIER = "";
				SWIFT_VERSION = 3.0;
				sfb = "";
			};
			name = Debug;
		};
		5114CA781F33F8D8000FDB7B /* Release */ = {
			isa = XCBuildConfiguration;
			buildSettings = {
				ASSETCATALOG_COMPILER_APPICON_NAME = AppIcon;
				CODE_SIGN_IDENTITY = "iPhone Developer";
				CODE_SIGN_STYLE = Automatic;
				DEVELOPMENT_TEAM = "";
				INFOPLIST_FILE = NewTTT/Info.plist;
				LD_RUNPATH_SEARCH_PATHS = "$(inherited) @executable_path/Frameworks";
				NEW_SETTING = "";
				PRODUCT_BUNDLE_IDENTIFIER = com.hp.NewTTT;
				PRODUCT_NAME = "$(TARGET_NAME)";
				PROVISIONING_PROFILE_SPECIFIER = "";
				SWIFT_VERSION = 3.0;
				sfb = "";
			};
			name = Release;
		};
		51AEA3081F62FE7D006F63E0 /* Debug */ = {
			isa = XCBuildConfiguration;
			buildSettings = {
				ASSETCATALOG_COMPILER_APPICON_NAME = AppIcon;
				CODE_SIGN_IDENTITY = "iPhone Developer";
				"CODE_SIGN_IDENTITY[sdk=*]" = "iPhone Developer";
				"CODE_SIGN_IDENTITY[sdk=iphoneos*]" = "iPhone Developer";
				DEVELOPMENT_TEAM = NDZ83UVDLH;
				INFOPLIST_FILE = NewTTT1/Info.plist;
				IPHONEOS_DEPLOYMENT_TARGET = 10.1;
				LD_RUNPATH_SEARCH_PATHS = "$(inherited) @executable_path/Frameworks";
				NEW_SETTING = "";
				PRODUCT_BUNDLE_IDENTIFIER = com.hp.NewTTT;
				PRODUCT_NAME = "$(TARGET_NAME)";
				SWIFT_VERSION = 3.0;
			};
			name = Debug;
		};
		51AEA3091F62FE7D006F63E0 /* Release */ = {
			isa = XCBuildConfiguration;
			buildSettings = {
				ASSETCATALOG_COMPILER_APPICON_NAME = AppIcon;
				CODE_SIGN_IDENTITY = "iPhone Developer";
				"CODE_SIGN_IDENTITY[sdk=iphoneos*]" = "iPhone Developer";
				DEVELOPMENT_TEAM = NDZ83UVDLH;
				INFOPLIST_FILE = NewTTT1/Info.plist;
				IPHONEOS_DEPLOYMENT_TARGET = 10.1;
				LD_RUNPATH_SEARCH_PATHS = "$(inherited) @executable_path/Frameworks";
				NEW_SETTING = "";
				PRODUCT_BUNDLE_IDENTIFIER = com.hp.NewTTT;
				PRODUCT_NAME = "$(TARGET_NAME)";
				SWIFT_VERSION = 3.0;
			};
			name = Release;
		};
/* End XCBuildConfiguration section */

/* Begin XCConfigurationList section */
		5114CA5F1F33F8D7000FDB7B /* Build configuration list for PBXProject "NewTTT" */ = {
			isa = XCConfigurationList;
			buildConfigurations = (
				5114CA741F33F8D8000FDB7B /* Debug */,
				5114CA751F33F8D8000FDB7B /* Release */,
			);
			defaultConfigurationIsVisible = 0;
			defaultConfigurationName = Release;
		};
		5114CA761F33F8D8000FDB7B /* Build configuration list for PBXNativeTarget "NewTTT" */ = {
			isa = XCConfigurationList;
			buildConfigurations = (
				5114CA771F33F8D8000FDB7B /* Debug */,
				5114CA781F33F8D8000FDB7B /* Release */,
			);
			defaultConfigurationIsVisible = 0;
			defaultConfigurationName = Release;
		};
		51AEA3071F62FE7D006F63E0 /* Build configuration list for PBXNativeTarget "NewTTT1" */ = {
			isa = XCConfigurationList;
			buildConfigurations = (
				51AEA3081F62FE7D006F63E0 /* Debug */,
				51AEA3091F62FE7D006F63E0 /* Release */,
			);
			defaultConfigurationIsVisible = 0;
			defaultConfigurationName = Release;
		};
/* End XCConfigurationList section */
	};
	rootObject = 5114CA5C1F33F8D7000FDB7B /* Project object */;
}
